// !$*UTF8*$!
{
	archiveVersion = 1;
	classes = {
	};
	objectVersion = 77;
	objects = {

/* Begin PBXContainerItemProxy section */
		3236AC612DA9D0C100217F93 /* PBXContainerItemProxy */ = {
			isa = PBXContainerItemProxy;
			containerPortal = 3236AC472DA9D0BF00217F93 /* Project object */;
			proxyType = 1;
			remoteGlobalIDString = 3236AC4E2DA9D0BF00217F93;
			remoteInfo = tldr;
		};
		3236AC6B2DA9D0C100217F93 /* PBXContainerItemProxy */ = {
			isa = PBXContainerItemProxy;
			containerPortal = 3236AC472DA9D0BF00217F93 /* Project object */;
			proxyType = 1;
			remoteGlobalIDString = 3236AC4E2DA9D0BF00217F93;
			remoteInfo = tldr;
		};
/* End PBXContainerItemProxy section */

/* Begin PBXFileReference section */
		3236AC4F2DA9D0BF00217F93 /* tldr.app */ = {isa = PBXFileReference; explicitFileType = wrapper.application; includeInIndex = 0; path = tldr.app; sourceTree = BUILT_PRODUCTS_DIR; };
		3236AC602DA9D0C100217F93 /* tldrTests.xctest */ = {isa = PBXFileReference; explicitFileType = wrapper.cfbundle; includeInIndex = 0; path = tldrTests.xctest; sourceTree = BUILT_PRODUCTS_DIR; };
		3236AC6A2DA9D0C100217F93 /* tldrUITests.xctest */ = {isa = PBXFileReference; explicitFileType = wrapper.cfbundle; includeInIndex = 0; path = tldrUITests.xctest; sourceTree = BUILT_PRODUCTS_DIR; };
/* End PBXFileReference section */

/* Begin PBXFileSystemSynchronizedRootGroup section */
		3236AC512DA9D0BF00217F93 /* tldr */ = {
			isa = PBXFileSystemSynchronizedRootGroup;
			path = tldr;
			sourceTree = "<group>";
		};
		3236AC632DA9D0C100217F93 /* tldrTests */ = {
			isa = PBXFileSystemSynchronizedRootGroup;
			path = tldrTests;
			sourceTree = "<group>";
		};
		3236AC6D2DA9D0C100217F93 /* tldrUITests */ = {
			isa = PBXFileSystemSynchronizedRootGroup;
			path = tldrUITests;
			sourceTree = "<group>";
		};
/* End PBXFileSystemSynchronizedRootGroup section */

/* Begin PBXFrameworksBuildPhase section */
		3236AC4C2DA9D0BF00217F93 /* Frameworks */ = {
			isa = PBXFrameworksBuildPhase;
			buildActionMask = 2147483647;
			files = (
			);
			runOnlyForDeploymentPostprocessing = 0;
		};
		3236AC5D2DA9D0C100217F93 /* Frameworks */ = {
			isa = PBXFrameworksBuildPhase;
			buildActionMask = 2147483647;
			files = (
			);
			runOnlyForDeploymentPostprocessing = 0;
		};
		3236AC672DA9D0C100217F93 /* Frameworks */ = {
			isa = PBXFrameworksBuildPhase;
			buildActionMask = 2147483647;
			files = (
			);
			runOnlyForDeploymentPostprocessing = 0;
		};
/* End PBXFrameworksBuildPhase section */

/* Begin PBXGroup section */
		3236AC462DA9D0BF00217F93 = {
			isa = PBXGroup;
			children = (
				3236AC512DA9D0BF00217F93 /* tldr */,
				3236AC632DA9D0C100217F93 /* tldrTests */,
				3236AC6D2DA9D0C100217F93 /* tldrUITests */,
				3236AC502DA9D0BF00217F93 /* Products */,
			);
			sourceTree = "<group>";
		};
		3236AC502DA9D0BF00217F93 /* Products */ = {
			isa = PBXGroup;
			children = (
				3236AC4F2DA9D0BF00217F93 /* tldr.app */,
				3236AC602DA9D0C100217F93 /* tldrTests.xctest */,
				3236AC6A2DA9D0C100217F93 /* tldrUITests.xctest */,
			);
			name = Products;
			sourceTree = "<group>";
		};
/* End PBXGroup section */

/* Begin PBXNativeTarget section */
		3236AC4E2DA9D0BF00217F93 /* tldr */ = {
			isa = PBXNativeTarget;
			buildConfigurationList = 3236AC742DA9D0C100217F93 /* Build configuration list for PBXNativeTarget "tldr" */;
			buildPhases = (
				3236AC4B2DA9D0BF00217F93 /* Sources */,
				3236AC4C2DA9D0BF00217F93 /* Frameworks */,
				3236AC4D2DA9D0BF00217F93 /* Resources */,
			);
			buildRules = (
			);
			dependencies = (
			);
			fileSystemSynchronizedGroups = (
				3236AC512DA9D0BF00217F93 /* tldr */,
			);
			name = tldr;
			packageProductDependencies = (
			);
			productName = tldr;
			productReference = 3236AC4F2DA9D0BF00217F93 /* tldr.app */;
			productType = "com.apple.product-type.application";
		};
		3236AC5F2DA9D0C100217F93 /* tldrTests */ = {
			isa = PBXNativeTarget;
			buildConfigurationList = 3236AC772DA9D0C100217F93 /* Build configuration list for PBXNativeTarget "tldrTests" */;
			buildPhases = (
				3236AC5C2DA9D0C100217F93 /* Sources */,
				3236AC5D2DA9D0C100217F93 /* Frameworks */,
				3236AC5E2DA9D0C100217F93 /* Resources */,
			);
			buildRules = (
			);
			dependencies = (
				3236AC622DA9D0C100217F93 /* PBXTargetDependency */,
			);
			fileSystemSynchronizedGroups = (
				3236AC632DA9D0C100217F93 /* tldrTests */,
			);
			name = tldrTests;
			packageProductDependencies = (
			);
			productName = tldrTests;
			productReference = 3236AC602DA9D0C100217F93 /* tldrTests.xctest */;
			productType = "com.apple.product-type.bundle.unit-test";
		};
		3236AC692DA9D0C100217F93 /* tldrUITests */ = {
			isa = PBXNativeTarget;
			buildConfigurationList = 3236AC7A2DA9D0C100217F93 /* Build configuration list for PBXNativeTarget "tldrUITests" */;
			buildPhases = (
				3236AC662DA9D0C100217F93 /* Sources */,
				3236AC672DA9D0C100217F93 /* Frameworks */,
				3236AC682DA9D0C100217F93 /* Resources */,
			);
			buildRules = (
			);
			dependencies = (
				3236AC6C2DA9D0C100217F93 /* PBXTargetDependency */,
			);
			fileSystemSynchronizedGroups = (
				3236AC6D2DA9D0C100217F93 /* tldrUITests */,
			);
			name = tldrUITests;
			packageProductDependencies = (
			);
			productName = tldrUITests;
			productReference = 3236AC6A2DA9D0C100217F93 /* tldrUITests.xctest */;
			productType = "com.apple.product-type.bundle.ui-testing";
		};
/* End PBXNativeTarget section */

/* Begin PBXProject section */
		3236AC472DA9D0BF00217F93 /* Project object */ = {
			isa = PBXProject;
			attributes = {
				BuildIndependentTargetsInParallel = 1;
				LastSwiftUpdateCheck = 1620;
				LastUpgradeCheck = 1620;
				TargetAttributes = {
					3236AC4E2DA9D0BF00217F93 = {
						CreatedOnToolsVersion = 16.2;
					};
					3236AC5F2DA9D0C100217F93 = {
						CreatedOnToolsVersion = 16.2;
						TestTargetID = 3236AC4E2DA9D0BF00217F93;
					};
					3236AC692DA9D0C100217F93 = {
						CreatedOnToolsVersion = 16.2;
						TestTargetID = 3236AC4E2DA9D0BF00217F93;
					};
				};
			};
			buildConfigurationList = 3236AC4A2DA9D0BF00217F93 /* Build configuration list for PBXProject "tldr" */;
			developmentRegion = en;
			hasScannedForEncodings = 0;
			knownRegions = (
				en,
				Base,
			);
			mainGroup = 3236AC462DA9D0BF00217F93;
			minimizedProjectReferenceProxies = 1;
			preferredProjectObjectVersion = 77;
			productRefGroup = 3236AC502DA9D0BF00217F93 /* Products */;
			projectDirPath = "";
			projectRoot = "";
			targets = (
				3236AC4E2DA9D0BF00217F93 /* tldr */,
				3236AC5F2DA9D0C100217F93 /* tldrTests */,
				3236AC692DA9D0C100217F93 /* tldrUITests */,
			);
		};
/* End PBXProject section */

/* Begin PBXResourcesBuildPhase section */
		3236AC4D2DA9D0BF00217F93 /* Resources */ = {
			isa = PBXResourcesBuildPhase;
			buildActionMask = 2147483647;
			files = (
			);
			runOnlyForDeploymentPostprocessing = 0;
		};
		3236AC5E2DA9D0C100217F93 /* Resources */ = {
			isa = PBXResourcesBuildPhase;
			buildActionMask = 2147483647;
			files = (
			);
			runOnlyForDeploymentPostprocessing = 0;
		};
		3236AC682DA9D0C100217F93 /* Resources */ = {
			isa = PBXResourcesBuildPhase;
			buildActionMask = 2147483647;
			files = (
			);
			runOnlyForDeploymentPostprocessing = 0;
		};
/* End PBXResourcesBuildPhase section */

/* Begin PBXSourcesBuildPhase section */
		3236AC4B2DA9D0BF00217F93 /* Sources */ = {
			isa = PBXSourcesBuildPhase;
			buildActionMask = 2147483647;
			files = (
			);
			runOnlyForDeploymentPostprocessing = 0;
		};
		3236AC5C2DA9D0C100217F93 /* Sources */ = {
			isa = PBXSourcesBuildPhase;
			buildActionMask = 2147483647;
			files = (
			);
			runOnlyForDeploymentPostprocessing = 0;
		};
		3236AC662DA9D0C100217F93 /* Sources */ = {
			isa = PBXSourcesBuildPhase;
			buildActionMask = 2147483647;
			files = (
			);
			runOnlyForDeploymentPostprocessing = 0;
		};
/* End PBXSourcesBuildPhase section */

/* Begin PBXTargetDependency section */
		3236AC622DA9D0C100217F93 /* PBXTargetDependency */ = {
			isa = PBXTargetDependency;
			target = 3236AC4E2DA9D0BF00217F93 /* tldr */;
			targetProxy = 3236AC612DA9D0C100217F93 /* PBXContainerItemProxy */;
		};
		3236AC6C2DA9D0C100217F93 /* PBXTargetDependency */ = {
			isa = PBXTargetDependency;
			target = 3236AC4E2DA9D0BF00217F93 /* tldr */;
			targetProxy = 3236AC6B2DA9D0C100217F93 /* PBXContainerItemProxy */;
		};
/* End PBXTargetDependency section */

/* Begin XCBuildConfiguration section */
		3236AC722DA9D0C100217F93 /* Debug */ = {
			isa = XCBuildConfiguration;
			buildSettings = {
				ALWAYS_SEARCH_USER_PATHS = NO;
				ASSETCATALOG_COMPILER_GENERATE_SWIFT_ASSET_SYMBOL_EXTENSIONS = YES;
				CLANG_ANALYZER_NONNULL = YES;
				CLANG_ANALYZER_NUMBER_OBJECT_CONVERSION = YES_AGGRESSIVE;
				CLANG_CXX_LANGUAGE_STANDARD = "gnu++20";
				CLANG_ENABLE_MODULES = YES;
				CLANG_ENABLE_OBJC_ARC = YES;
				CLANG_ENABLE_OBJC_WEAK = YES;
				CLANG_WARN_BLOCK_CAPTURE_AUTORELEASING = YES;
				CLANG_WARN_BOOL_CONVERSION = YES;
				CLANG_WARN_COMMA = YES;
				CLANG_WARN_CONSTANT_CONVERSION = YES;
				CLANG_WARN_DEPRECATED_OBJC_IMPLEMENTATIONS = YES;
				CLANG_WARN_DIRECT_OBJC_ISA_USAGE = YES_ERROR;
				CLANG_WARN_DOCUMENTATION_COMMENTS = YES;
				CLANG_WARN_EMPTY_BODY = YES;
				CLANG_WARN_ENUM_CONVERSION = YES;
				CLANG_WARN_INFINITE_RECURSION = YES;
				CLANG_WARN_INT_CONVERSION = YES;
				CLANG_WARN_NON_LITERAL_NULL_CONVERSION = YES;
				CLANG_WARN_OBJC_IMPLICIT_RETAIN_SELF = YES;
				CLANG_WARN_OBJC_LITERAL_CONVERSION = YES;
				CLANG_WARN_OBJC_ROOT_CLASS = YES_ERROR;
				CLANG_WARN_QUOTED_INCLUDE_IN_FRAMEWORK_HEADER = YES;
				CLANG_WARN_RANGE_LOOP_ANALYSIS = YES;
				CLANG_WARN_STRICT_PROTOTYPES = YES;
				CLANG_WARN_SUSPICIOUS_MOVE = YES;
				CLANG_WARN_UNGUARDED_AVAILABILITY = YES_AGGRESSIVE;
				CLANG_WARN_UNREACHABLE_CODE = YES;
				CLANG_WARN__DUPLICATE_METHOD_MATCH = YES;
				COPY_PHASE_STRIP = NO;
				DEBUG_INFORMATION_FORMAT = dwarf;
				ENABLE_STRICT_OBJC_MSGSEND = YES;
				ENABLE_TESTABILITY = YES;
				ENABLE_USER_SCRIPT_SANDBOXING = YES;
				GCC_C_LANGUAGE_STANDARD = gnu17;
				GCC_DYNAMIC_NO_PIC = NO;
				GCC_NO_COMMON_BLOCKS = YES;
				GCC_OPTIMIZATION_LEVEL = 0;
				GCC_PREPROCESSOR_DEFINITIONS = (
					"DEBUG=1",
					"$(inherited)",
				);
				GCC_WARN_64_TO_32_BIT_CONVERSION = YES;
				GCC_WARN_ABOUT_RETURN_TYPE = YES_ERROR;
				GCC_WARN_UNDECLARED_SELECTOR = YES;
				GCC_WARN_UNINITIALIZED_AUTOS = YES_AGGRESSIVE;
				GCC_WARN_UNUSED_FUNCTION = YES;
				GCC_WARN_UNUSED_VARIABLE = YES;
				LOCALIZATION_PREFERS_STRING_CATALOGS = YES;
				MACOSX_DEPLOYMENT_TARGET = 15.2;
				MTL_ENABLE_DEBUG_INFO = INCLUDE_SOURCE;
				MTL_FAST_MATH = YES;
				ONLY_ACTIVE_ARCH = YES;
				SDKROOT = macosx;
				SWIFT_ACTIVE_COMPILATION_CONDITIONS = "DEBUG $(inherited)";
				SWIFT_OPTIMIZATION_LEVEL = "-Onone";
			};
			name = Debug;
		};
		3236AC732DA9D0C100217F93 /* Release */ = {
			isa = XCBuildConfiguration;
			buildSettings = {
				ALWAYS_SEARCH_USER_PATHS = NO;
				ASSETCATALOG_COMPILER_GENERATE_SWIFT_ASSET_SYMBOL_EXTENSIONS = YES;
				CLANG_ANALYZER_NONNULL = YES;
				CLANG_ANALYZER_NUMBER_OBJECT_CONVERSION = YES_AGGRESSIVE;
				CLANG_CXX_LANGUAGE_STANDARD = "gnu++20";
				CLANG_ENABLE_MODULES = YES;
				CLANG_ENABLE_OBJC_ARC = YES;
				CLANG_ENABLE_OBJC_WEAK = YES;
				CLANG_WARN_BLOCK_CAPTURE_AUTORELEASING = YES;
				CLANG_WARN_BOOL_CONVERSION = YES;
				CLANG_WARN_COMMA = YES;
				CLANG_WARN_CONSTANT_CONVERSION = YES;
				CLANG_WARN_DEPRECATED_OBJC_IMPLEMENTATIONS = YES;
				CLANG_WARN_DIRECT_OBJC_ISA_USAGE = YES_ERROR;
				CLANG_WARN_DOCUMENTATION_COMMENTS = YES;
				CLANG_WARN_EMPTY_BODY = YES;
				CLANG_WARN_ENUM_CONVERSION = YES;
				CLANG_WARN_INFINITE_RECURSION = YES;
				CLANG_WARN_INT_CONVERSION = YES;
				CLANG_WARN_NON_LITERAL_NULL_CONVERSION = YES;
				CLANG_WARN_OBJC_IMPLICIT_RETAIN_SELF = YES;
				CLANG_WARN_OBJC_LITERAL_CONVERSION = YES;
				CLANG_WARN_OBJC_ROOT_CLASS = YES_ERROR;
				CLANG_WARN_QUOTED_INCLUDE_IN_FRAMEWORK_HEADER = YES;
				CLANG_WARN_RANGE_LOOP_ANALYSIS = YES;
				CLANG_WARN_STRICT_PROTOTYPES = YES;
				CLANG_WARN_SUSPICIOUS_MOVE = YES;
				CLANG_WARN_UNGUARDED_AVAILABILITY = YES_AGGRESSIVE;
				CLANG_WARN_UNREACHABLE_CODE = YES;
				CLANG_WARN__DUPLICATE_METHOD_MATCH = YES;
				COPY_PHASE_STRIP = NO;
				DEBUG_INFORMATION_FORMAT = "dwarf-with-dsym";
				ENABLE_NS_ASSERTIONS = NO;
				ENABLE_STRICT_OBJC_MSGSEND = YES;
				ENABLE_USER_SCRIPT_SANDBOXING = YES;
				GCC_C_LANGUAGE_STANDARD = gnu17;
				GCC_NO_COMMON_BLOCKS = YES;
				GCC_WARN_64_TO_32_BIT_CONVERSION = YES;
				GCC_WARN_ABOUT_RETURN_TYPE = YES_ERROR;
				GCC_WARN_UNDECLARED_SELECTOR = YES;
				GCC_WARN_UNINITIALIZED_AUTOS = YES_AGGRESSIVE;
				GCC_WARN_UNUSED_FUNCTION = YES;
				GCC_WARN_UNUSED_VARIABLE = YES;
				LOCALIZATION_PREFERS_STRING_CATALOGS = YES;
				MACOSX_DEPLOYMENT_TARGET = 15.2;
				MTL_ENABLE_DEBUG_INFO = NO;
				MTL_FAST_MATH = YES;
				SDKROOT = macosx;
				SWIFT_COMPILATION_MODE = wholemodule;
			};
			name = Release;
		};
		3236AC752DA9D0C100217F93 /* Debug */ = {
			isa = XCBuildConfiguration;
			buildSettings = {
				ASSETCATALOG_COMPILER_APPICON_NAME = AppIcon;
				ASSETCATALOG_COMPILER_GLOBAL_ACCENT_COLOR_NAME = AccentColor;
				CODE_SIGN_ENTITLEMENTS = tldr/tldr.entitlements;
				CODE_SIGN_STYLE = Automatic;
				COMBINE_HIDPI_IMAGES = YES;
				CURRENT_PROJECT_VERSION = 1;
				DEVELOPMENT_ASSET_PATHS = "\"tldr/Preview Content\"";
				ENABLE_PREVIEWS = YES;
				GENERATE_INFOPLIST_FILE = YES;
				INFOPLIST_KEY_NSHumanReadableCopyright = "";
				LD_RUNPATH_SEARCH_PATHS = (
					"$(inherited)",
					"@executable_path/../Frameworks",
				);
				MARKETING_VERSION = 1.0;
				PRODUCT_BUNDLE_IDENTIFIER = com.manuhg.tldr;
				PRODUCT_NAME = "$(TARGET_NAME)";
				SWIFT_EMIT_LOC_STRINGS = YES;
				SWIFT_VERSION = 5.0;
			};
			name = Debug;
		};
		3236AC762DA9D0C100217F93 /* Release */ = {
			isa = XCBuildConfiguration;
			buildSettings = {
				ASSETCATALOG_COMPILER_APPICON_NAME = AppIcon;
				ASSETCATALOG_COMPILER_GLOBAL_ACCENT_COLOR_NAME = AccentColor;
				CODE_SIGN_ENTITLEMENTS = tldr/tldr.entitlements;
				CODE_SIGN_STYLE = Automatic;
				COMBINE_HIDPI_IMAGES = YES;
				CURRENT_PROJECT_VERSION = 1;
				DEVELOPMENT_ASSET_PATHS = "\"tldr/Preview Content\"";
				ENABLE_PREVIEWS = YES;
				GENERATE_INFOPLIST_FILE = YES;
				INFOPLIST_KEY_NSHumanReadableCopyright = "";
				LD_RUNPATH_SEARCH_PATHS = (
					"$(inherited)",
					"@executable_path/../Frameworks",
				);
				MARKETING_VERSION = 1.0;
				PRODUCT_BUNDLE_IDENTIFIER = com.manuhg.tldr;
				PRODUCT_NAME = "$(TARGET_NAME)";
				SWIFT_EMIT_LOC_STRINGS = YES;
				SWIFT_VERSION = 5.0;
			};
			name = Release;
		};
		3236AC782DA9D0C100217F93 /* Debug */ = {
			isa = XCBuildConfiguration;
			buildSettings = {
				BUNDLE_LOADER = "$(TEST_HOST)";
				CODE_SIGN_STYLE = Automatic;
				CURRENT_PROJECT_VERSION = 1;
				GENERATE_INFOPLIST_FILE = YES;
				MACOSX_DEPLOYMENT_TARGET = 15.2;
				MARKETING_VERSION = 1.0;
				PRODUCT_BUNDLE_IDENTIFIER = com.manuhg.tldrTests;
				PRODUCT_NAME = "$(TARGET_NAME)";
				SWIFT_EMIT_LOC_STRINGS = NO;
				SWIFT_VERSION = 5.0;
				TEST_HOST = "$(BUILT_PRODUCTS_DIR)/tldr.app/$(BUNDLE_EXECUTABLE_FOLDER_PATH)/tldr";
			};
			name = Debug;
		};
		3236AC792DA9D0C100217F93 /* Release */ = {
			isa = XCBuildConfiguration;
			buildSettings = {
				BUNDLE_LOADER = "$(TEST_HOST)";
				CODE_SIGN_STYLE = Automatic;
				CURRENT_PROJECT_VERSION = 1;
				GENERATE_INFOPLIST_FILE = YES;
				MACOSX_DEPLOYMENT_TARGET = 15.2;
				MARKETING_VERSION = 1.0;
				PRODUCT_BUNDLE_IDENTIFIER = com.manuhg.tldrTests;
				PRODUCT_NAME = "$(TARGET_NAME)";
				SWIFT_EMIT_LOC_STRINGS = NO;
				SWIFT_VERSION = 5.0;
				TEST_HOST = "$(BUILT_PRODUCTS_DIR)/tldr.app/$(BUNDLE_EXECUTABLE_FOLDER_PATH)/tldr";
			};
			name = Release;
		};
		3236AC7B2DA9D0C100217F93 /* Debug */ = {
			isa = XCBuildConfiguration;
			buildSettings = {
				CODE_SIGN_STYLE = Automatic;
				CURRENT_PROJECT_VERSION = 1;
				GENERATE_INFOPLIST_FILE = YES;
				MARKETING_VERSION = 1.0;
				PRODUCT_BUNDLE_IDENTIFIER = com.manuhg.tldrUITests;
				PRODUCT_NAME = "$(TARGET_NAME)";
				SWIFT_EMIT_LOC_STRINGS = NO;
				SWIFT_VERSION = 5.0;
				TEST_TARGET_NAME = tldr;
			};
			name = Debug;
		};
		3236AC7C2DA9D0C100217F93 /* Release */ = {
			isa = XCBuildConfiguration;
			buildSettings = {
				CODE_SIGN_STYLE = Automatic;
				CURRENT_PROJECT_VERSION = 1;
				GENERATE_INFOPLIST_FILE = YES;
				MARKETING_VERSION = 1.0;
				PRODUCT_BUNDLE_IDENTIFIER = com.manuhg.tldrUITests;
				PRODUCT_NAME = "$(TARGET_NAME)";
				SWIFT_EMIT_LOC_STRINGS = NO;
				SWIFT_VERSION = 5.0;
				TEST_TARGET_NAME = tldr;
			};
			name = Release;
		};
/* End XCBuildConfiguration section */

/* Begin XCConfigurationList section */
		3236AC4A2DA9D0BF00217F93 /* Build configuration list for PBXProject "tldr" */ = {
			isa = XCConfigurationList;
			buildConfigurations = (
				3236AC722DA9D0C100217F93 /* Debug */,
				3236AC732DA9D0C100217F93 /* Release */,
			);
			defaultConfigurationIsVisible = 0;
			defaultConfigurationName = Release;
		};
		3236AC742DA9D0C100217F93 /* Build configuration list for PBXNativeTarget "tldr" */ = {
			isa = XCConfigurationList;
			buildConfigurations = (
				3236AC752DA9D0C100217F93 /* Debug */,
				3236AC762DA9D0C100217F93 /* Release */,
			);
			defaultConfigurationIsVisible = 0;
			defaultConfigurationName = Release;
		};
		3236AC772DA9D0C100217F93 /* Build configuration list for PBXNativeTarget "tldrTests" */ = {
			isa = XCConfigurationList;
			buildConfigurations = (
				3236AC782DA9D0C100217F93 /* Debug */,
				3236AC792DA9D0C100217F93 /* Release */,
			);
			defaultConfigurationIsVisible = 0;
			defaultConfigurationName = Release;
		};
		3236AC7A2DA9D0C100217F93 /* Build configuration list for PBXNativeTarget "tldrUITests" */ = {
			isa = XCConfigurationList;
			buildConfigurations = (
				3236AC7B2DA9D0C100217F93 /* Debug */,
				3236AC7C2DA9D0C100217F93 /* Release */,
			);
			defaultConfigurationIsVisible = 0;
			defaultConfigurationName = Release;
		};
/* End XCConfigurationList section */
	};
	rootObject = 3236AC472DA9D0BF00217F93 /* Project object */;
}
