// !$*UTF8*$!
{
	archiveVersion = 1;
	classes = {
	};
	objectVersion = 77;
	objects = {

/* Begin PBXBuildFile section */
		32D6ADC62DC739A2008108B3 /* libTldrAPI.a in Frameworks */ = {isa = PBXBuildFile; fileRef = 32C778A02DB9C5A70042389E /* libTldrAPI.a */; };
/* End PBXBuildFile section */

/* Begin PBXContainerItemProxy section */
		32D335162DB1EC9B00DCF3BD /* PBXContainerItemProxy */ = {
			isa = PBXContainerItemProxy;
			containerPortal = 32D334FF2DB1EC9800DCF3BD /* Project object */;
			proxyType = 1;
			remoteGlobalIDString = 32D335062DB1EC9800DCF3BD;
			remoteInfo = tldr;
		};
		32D335202DB1EC9B00DCF3BD /* PBXContainerItemProxy */ = {
			isa = PBXContainerItemProxy;
			containerPortal = 32D334FF2DB1EC9800DCF3BD /* Project object */;
			proxyType = 1;
			remoteGlobalIDString = 32D335062DB1EC9800DCF3BD;
			remoteInfo = tldr;
		};
		32D6ADBD2DC73444008108B3 /* PBXContainerItemProxy */ = {
			isa = PBXContainerItemProxy;
			containerPortal = 32D334FF2DB1EC9800DCF3BD /* Project object */;
			proxyType = 1;
			remoteGlobalIDString = 32C7789F2DB9C5A70042389E;
			remoteInfo = TldrAPI;
		};
/* End PBXContainerItemProxy section */

/* Begin PBXFileReference section */
		32C778A02DB9C5A70042389E /* libTldrAPI.a */ = {isa = PBXFileReference; explicitFileType = archive.ar; includeInIndex = 0; path = libTldrAPI.a; sourceTree = BUILT_PRODUCTS_DIR; };
		32D335072DB1EC9800DCF3BD /* tldr.app */ = {isa = PBXFileReference; explicitFileType = wrapper.application; includeInIndex = 0; path = tldr.app; sourceTree = BUILT_PRODUCTS_DIR; };
		32D335152DB1EC9B00DCF3BD /* tldrTests.xctest */ = {isa = PBXFileReference; explicitFileType = wrapper.cfbundle; includeInIndex = 0; path = tldrTests.xctest; sourceTree = BUILT_PRODUCTS_DIR; };
		32D3351F2DB1EC9B00DCF3BD /* tldrUITests.xctest */ = {isa = PBXFileReference; explicitFileType = wrapper.cfbundle; includeInIndex = 0; path = tldrUITests.xctest; sourceTree = BUILT_PRODUCTS_DIR; };
		32D6ADBF2DC7344A008108B3 /* Accelerate.framework */ = {isa = PBXFileReference; lastKnownFileType = wrapper.framework; name = Accelerate.framework; path = System/Library/Frameworks/Accelerate.framework; sourceTree = SDKROOT; };
		32D6ADC12DC73466008108B3 /* Metal.framework */ = {isa = PBXFileReference; lastKnownFileType = wrapper.framework; name = Metal.framework; path = System/Library/Frameworks/Metal.framework; sourceTree = SDKROOT; };
		32D6ADC32DC73470008108B3 /* Foundation.framework */ = {isa = PBXFileReference; lastKnownFileType = wrapper.framework; name = Foundation.framework; path = System/Library/Frameworks/Foundation.framework; sourceTree = SDKROOT; };
/* End PBXFileReference section */

/* Begin PBXFileSystemSynchronizedRootGroup section */
		32C778A12DB9C5A70042389E /* TldrAPI */ = {
			isa = PBXFileSystemSynchronizedRootGroup;
			path = TldrAPI;
			sourceTree = "<group>";
		};
		32D335092DB1EC9800DCF3BD /* tldr */ = {
			isa = PBXFileSystemSynchronizedRootGroup;
			path = tldr;
			sourceTree = "<group>";
		};
		32D335182DB1EC9B00DCF3BD /* tldrTests */ = {
			isa = PBXFileSystemSynchronizedRootGroup;
			path = tldrTests;
			sourceTree = "<group>";
		};
		32D335222DB1EC9B00DCF3BD /* tldrUITests */ = {
			isa = PBXFileSystemSynchronizedRootGroup;
			path = tldrUITests;
			sourceTree = "<group>";
		};
/* End PBXFileSystemSynchronizedRootGroup section */

/* Begin PBXFrameworksBuildPhase section */
		32C7789E2DB9C5A70042389E /* Frameworks */ = {
			isa = PBXFrameworksBuildPhase;
			buildActionMask = 2147483647;
			files = (
			);
			runOnlyForDeploymentPostprocessing = 0;
		};
		32D335042DB1EC9800DCF3BD /* Frameworks */ = {
			isa = PBXFrameworksBuildPhase;
			buildActionMask = 2147483647;
			files = (
				32D6ADC62DC739A2008108B3 /* libTldrAPI.a in Frameworks */,
			);
			runOnlyForDeploymentPostprocessing = 0;
		};
		32D335122DB1EC9B00DCF3BD /* Frameworks */ = {
			isa = PBXFrameworksBuildPhase;
			buildActionMask = 2147483647;
			files = (
			);
			runOnlyForDeploymentPostprocessing = 0;
		};
		32D3351C2DB1EC9B00DCF3BD /* Frameworks */ = {
			isa = PBXFrameworksBuildPhase;
			buildActionMask = 2147483647;
			files = (
			);
			runOnlyForDeploymentPostprocessing = 0;
		};
/* End PBXFrameworksBuildPhase section */

/* Begin PBXGroup section */
		32C778952DB9BC3B0042389E /* Frameworks */ = {
			isa = PBXGroup;
			children = (
				32D6ADC32DC73470008108B3 /* Foundation.framework */,
				32D6ADC12DC73466008108B3 /* Metal.framework */,
				32D6ADBF2DC7344A008108B3 /* Accelerate.framework */,
			);
			name = Frameworks;
			sourceTree = "<group>";
		};
		32D334FE2DB1EC9800DCF3BD = {
			isa = PBXGroup;
			children = (
				32D335092DB1EC9800DCF3BD /* tldr */,
				32D335182DB1EC9B00DCF3BD /* tldrTests */,
				32D335222DB1EC9B00DCF3BD /* tldrUITests */,
				32C778A12DB9C5A70042389E /* TldrAPI */,
				32C778952DB9BC3B0042389E /* Frameworks */,
				32D335082DB1EC9800DCF3BD /* Products */,
			);
			sourceTree = "<group>";
		};
		32D335082DB1EC9800DCF3BD /* Products */ = {
			isa = PBXGroup;
			children = (
				32D335072DB1EC9800DCF3BD /* tldr.app */,
				32D335152DB1EC9B00DCF3BD /* tldrTests.xctest */,
				32D3351F2DB1EC9B00DCF3BD /* tldrUITests.xctest */,
				32C778A02DB9C5A70042389E /* libTldrAPI.a */,
			);
			name = Products;
			sourceTree = "<group>";
		};
/* End PBXGroup section */

/* Begin PBXHeadersBuildPhase section */
		32C7789C2DB9C5A70042389E /* Headers */ = {
			isa = PBXHeadersBuildPhase;
			buildActionMask = 2147483647;
			files = (
			);
			runOnlyForDeploymentPostprocessing = 0;
		};
/* End PBXHeadersBuildPhase section */

/* Begin PBXNativeTarget section */
		32C7789F2DB9C5A70042389E /* TldrAPI */ = {
			isa = PBXNativeTarget;
			buildConfigurationList = 32C778A82DB9C5A70042389E /* Build configuration list for PBXNativeTarget "TldrAPI" */;
			buildPhases = (
				32C7789C2DB9C5A70042389E /* Headers */,
				32C7789D2DB9C5A70042389E /* Sources */,
				32C7789E2DB9C5A70042389E /* Frameworks */,
			);
			buildRules = (
			);
			dependencies = (
			);
			fileSystemSynchronizedGroups = (
				32C778A12DB9C5A70042389E /* TldrAPI */,
			);
			name = TldrAPI;
			packageProductDependencies = (
			);
			productName = TldrAPI;
			productReference = 32C778A02DB9C5A70042389E /* libTldrAPI.a */;
			productType = "com.apple.product-type.library.static";
		};
		32D335062DB1EC9800DCF3BD /* tldr */ = {
			isa = PBXNativeTarget;
			buildConfigurationList = 32D335292DB1EC9B00DCF3BD /* Build configuration list for PBXNativeTarget "tldr" */;
			buildPhases = (
				32D335032DB1EC9800DCF3BD /* Sources */,
				32D335042DB1EC9800DCF3BD /* Frameworks */,
				32D335052DB1EC9800DCF3BD /* Resources */,
			);
			buildRules = (
			);
			dependencies = (
				32D6ADBE2DC73444008108B3 /* PBXTargetDependency */,
			);
			fileSystemSynchronizedGroups = (
				32D335092DB1EC9800DCF3BD /* tldr */,
			);
			name = tldr;
			packageProductDependencies = (
			);
			productName = tldr;
			productReference = 32D335072DB1EC9800DCF3BD /* tldr.app */;
			productType = "com.apple.product-type.application";
		};
		32D335142DB1EC9B00DCF3BD /* tldrTests */ = {
			isa = PBXNativeTarget;
			buildConfigurationList = 32D3352C2DB1EC9B00DCF3BD /* Build configuration list for PBXNativeTarget "tldrTests" */;
			buildPhases = (
				32D335112DB1EC9B00DCF3BD /* Sources */,
				32D335122DB1EC9B00DCF3BD /* Frameworks */,
				32D335132DB1EC9B00DCF3BD /* Resources */,
			);
			buildRules = (
			);
			dependencies = (
				32D335172DB1EC9B00DCF3BD /* PBXTargetDependency */,
			);
			fileSystemSynchronizedGroups = (
				32D335182DB1EC9B00DCF3BD /* tldrTests */,
			);
			name = tldrTests;
			packageProductDependencies = (
			);
			productName = tldrTests;
			productReference = 32D335152DB1EC9B00DCF3BD /* tldrTests.xctest */;
			productType = "com.apple.product-type.bundle.unit-test";
		};
		32D3351E2DB1EC9B00DCF3BD /* tldrUITests */ = {
			isa = PBXNativeTarget;
			buildConfigurationList = 32D3352F2DB1EC9B00DCF3BD /* Build configuration list for PBXNativeTarget "tldrUITests" */;
			buildPhases = (
				32D3351B2DB1EC9B00DCF3BD /* Sources */,
				32D3351C2DB1EC9B00DCF3BD /* Frameworks */,
				32D3351D2DB1EC9B00DCF3BD /* Resources */,
			);
			buildRules = (
			);
			dependencies = (
				32D335212DB1EC9B00DCF3BD /* PBXTargetDependency */,
			);
			fileSystemSynchronizedGroups = (
				32D335222DB1EC9B00DCF3BD /* tldrUITests */,
			);
			name = tldrUITests;
			packageProductDependencies = (
			);
			productName = tldrUITests;
			productReference = 32D3351F2DB1EC9B00DCF3BD /* tldrUITests.xctest */;
			productType = "com.apple.product-type.bundle.ui-testing";
		};
/* End PBXNativeTarget section */

/* Begin PBXProject section */
		32D334FF2DB1EC9800DCF3BD /* Project object */ = {
			isa = PBXProject;
			attributes = {
				BuildIndependentTargetsInParallel = 1;
				LastSwiftUpdateCheck = 1630;
				LastUpgradeCheck = 1630;
				TargetAttributes = {
					32C7789F2DB9C5A70042389E = {
						CreatedOnToolsVersion = 16.3;
					};
					32D335062DB1EC9800DCF3BD = {
						CreatedOnToolsVersion = 16.3;
					};
					32D335142DB1EC9B00DCF3BD = {
						CreatedOnToolsVersion = 16.3;
						TestTargetID = 32D335062DB1EC9800DCF3BD;
					};
					32D3351E2DB1EC9B00DCF3BD = {
						CreatedOnToolsVersion = 16.3;
						TestTargetID = 32D335062DB1EC9800DCF3BD;
					};
				};
			};
			buildConfigurationList = 32D335022DB1EC9800DCF3BD /* Build configuration list for PBXProject "tldr" */;
			developmentRegion = en;
			hasScannedForEncodings = 0;
			knownRegions = (
				en,
				Base,
			);
			mainGroup = 32D334FE2DB1EC9800DCF3BD;
			minimizedProjectReferenceProxies = 1;
			preferredProjectObjectVersion = 77;
			productRefGroup = 32D335082DB1EC9800DCF3BD /* Products */;
			projectDirPath = "";
			projectRoot = "";
			targets = (
				32D335062DB1EC9800DCF3BD /* tldr */,
				32D335142DB1EC9B00DCF3BD /* tldrTests */,
				32D3351E2DB1EC9B00DCF3BD /* tldrUITests */,
				32C7789F2DB9C5A70042389E /* TldrAPI */,
			);
		};
/* End PBXProject section */

/* Begin PBXResourcesBuildPhase section */
		32D335052DB1EC9800DCF3BD /* Resources */ = {
			isa = PBXResourcesBuildPhase;
			buildActionMask = 2147483647;
			files = (
			);
			runOnlyForDeploymentPostprocessing = 0;
		};
		32D335132DB1EC9B00DCF3BD /* Resources */ = {
			isa = PBXResourcesBuildPhase;
			buildActionMask = 2147483647;
			files = (
			);
			runOnlyForDeploymentPostprocessing = 0;
		};
		32D3351D2DB1EC9B00DCF3BD /* Resources */ = {
			isa = PBXResourcesBuildPhase;
			buildActionMask = 2147483647;
			files = (
			);
			runOnlyForDeploymentPostprocessing = 0;
		};
/* End PBXResourcesBuildPhase section */

/* Begin PBXSourcesBuildPhase section */
		32C7789D2DB9C5A70042389E /* Sources */ = {
			isa = PBXSourcesBuildPhase;
			buildActionMask = 2147483647;
			files = (
			);
			runOnlyForDeploymentPostprocessing = 0;
		};
		32D335032DB1EC9800DCF3BD /* Sources */ = {
			isa = PBXSourcesBuildPhase;
			buildActionMask = 2147483647;
			files = (
			);
			runOnlyForDeploymentPostprocessing = 0;
		};
		32D335112DB1EC9B00DCF3BD /* Sources */ = {
			isa = PBXSourcesBuildPhase;
			buildActionMask = 2147483647;
			files = (
			);
			runOnlyForDeploymentPostprocessing = 0;
		};
		32D3351B2DB1EC9B00DCF3BD /* Sources */ = {
			isa = PBXSourcesBuildPhase;
			buildActionMask = 2147483647;
			files = (
			);
			runOnlyForDeploymentPostprocessing = 0;
		};
/* End PBXSourcesBuildPhase section */

/* Begin PBXTargetDependency section */
		32D335172DB1EC9B00DCF3BD /* PBXTargetDependency */ = {
			isa = PBXTargetDependency;
			target = 32D335062DB1EC9800DCF3BD /* tldr */;
			targetProxy = 32D335162DB1EC9B00DCF3BD /* PBXContainerItemProxy */;
		};
		32D335212DB1EC9B00DCF3BD /* PBXTargetDependency */ = {
			isa = PBXTargetDependency;
			target = 32D335062DB1EC9800DCF3BD /* tldr */;
			targetProxy = 32D335202DB1EC9B00DCF3BD /* PBXContainerItemProxy */;
		};
		32D6ADBE2DC73444008108B3 /* PBXTargetDependency */ = {
			isa = PBXTargetDependency;
			target = 32C7789F2DB9C5A70042389E /* TldrAPI */;
			targetProxy = 32D6ADBD2DC73444008108B3 /* PBXContainerItemProxy */;
		};
/* End PBXTargetDependency section */

/* Begin XCBuildConfiguration section */
		32C778A92DB9C5A70042389E /* Debug */ = {
			isa = XCBuildConfiguration;
			buildSettings = {
				CODE_SIGN_STYLE = Automatic;
				EXECUTABLE_PREFIX = lib;
				GCC_ENABLE_CPP_EXCEPTIONS = YES;
				GCC_ENABLE_CPP_RTTI = YES;
				HEADER_SEARCH_PATHS = "/Users/manu/proj_tldr/tldr-dekstop/release-products/include/**";
				LIBRARY_SEARCH_PATHS = (
					"$(inherited)",
					"$(PROJECT_DIR)/TldrAPI/**",
					"$(PROJECT_DIR)/../../release-products/libs/**",
					"$(PROJECT_DIR)/TldrAPI",
				);
				PRODUCT_NAME = "$(TARGET_NAME)";
				SKIP_INSTALL = YES;
			};
			name = Debug;
		};
		32C778AA2DB9C5A70042389E /* Release */ = {
			isa = XCBuildConfiguration;
			buildSettings = {
				CODE_SIGN_STYLE = Automatic;
				EXECUTABLE_PREFIX = lib;
				GCC_ENABLE_CPP_EXCEPTIONS = YES;
				GCC_ENABLE_CPP_RTTI = YES;
				HEADER_SEARCH_PATHS = "/Users/manu/proj_tldr/tldr-dekstop/release-products/include/**";
				LIBRARY_SEARCH_PATHS = (
					"$(inherited)",
					"$(PROJECT_DIR)/TldrAPI/**",
					"$(PROJECT_DIR)/../../release-products/libs/**",
					"$(PROJECT_DIR)/TldrAPI",
				);
				PRODUCT_NAME = "$(TARGET_NAME)";
				SKIP_INSTALL = YES;
			};
			name = Release;
		};
		32D335272DB1EC9B00DCF3BD /* Debug */ = {
			isa = XCBuildConfiguration;
			baseConfigurationReferenceAnchor = 32D335092DB1EC9800DCF3BD /* tldr */;
			baseConfigurationReferenceRelativePath = "build-dependencies.xcconfig";
			buildSettings = {
				ALWAYS_SEARCH_USER_PATHS = NO;
				ASSETCATALOG_COMPILER_GENERATE_SWIFT_ASSET_SYMBOL_EXTENSIONS = YES;
				CLANG_ANALYZER_NONNULL = YES;
				CLANG_ANALYZER_NUMBER_OBJECT_CONVERSION = YES_AGGRESSIVE;
				CLANG_CXX_LANGUAGE_STANDARD = "gnu++20";
				CLANG_ENABLE_MODULES = YES;
				CLANG_ENABLE_OBJC_ARC = YES;
				CLANG_ENABLE_OBJC_WEAK = YES;
				CLANG_WARN_BLOCK_CAPTURE_AUTORELEASING = YES;
				CLANG_WARN_BOOL_CONVERSION = YES;
				CLANG_WARN_COMMA = YES;
				CLANG_WARN_CONSTANT_CONVERSION = YES;
				CLANG_WARN_DEPRECATED_OBJC_IMPLEMENTATIONS = YES;
				CLANG_WARN_DIRECT_OBJC_ISA_USAGE = YES_ERROR;
				CLANG_WARN_DOCUMENTATION_COMMENTS = YES;
				CLANG_WARN_EMPTY_BODY = YES;
				CLANG_WARN_ENUM_CONVERSION = YES;
				CLANG_WARN_INFINITE_RECURSION = YES;
				CLANG_WARN_INT_CONVERSION = YES;
				CLANG_WARN_NON_LITERAL_NULL_CONVERSION = YES;
				CLANG_WARN_OBJC_IMPLICIT_RETAIN_SELF = YES;
				CLANG_WARN_OBJC_LITERAL_CONVERSION = YES;
				CLANG_WARN_OBJC_ROOT_CLASS = YES_ERROR;
				CLANG_WARN_QUOTED_INCLUDE_IN_FRAMEWORK_HEADER = YES;
				CLANG_WARN_RANGE_LOOP_ANALYSIS = YES;
				CLANG_WARN_STRICT_PROTOTYPES = YES;
				CLANG_WARN_SUSPICIOUS_MOVE = YES;
				CLANG_WARN_UNGUARDED_AVAILABILITY = YES_AGGRESSIVE;
				CLANG_WARN_UNREACHABLE_CODE = YES;
				CLANG_WARN__DUPLICATE_METHOD_MATCH = YES;
				COPY_PHASE_STRIP = NO;
				DEBUG_INFORMATION_FORMAT = dwarf;
				ENABLE_STRICT_OBJC_MSGSEND = YES;
				ENABLE_TESTABILITY = YES;
				ENABLE_USER_SCRIPT_SANDBOXING = YES;
				GCC_C_LANGUAGE_STANDARD = gnu17;
				GCC_DYNAMIC_NO_PIC = NO;
				GCC_NO_COMMON_BLOCKS = YES;
				GCC_OPTIMIZATION_LEVEL = 0;
				GCC_PREPROCESSOR_DEFINITIONS = (
					"DEBUG=1",
					"$(inherited)",
				);
				GCC_WARN_64_TO_32_BIT_CONVERSION = YES;
				GCC_WARN_ABOUT_RETURN_TYPE = YES_ERROR;
				GCC_WARN_UNDECLARED_SELECTOR = YES;
				GCC_WARN_UNINITIALIZED_AUTOS = YES_AGGRESSIVE;
				GCC_WARN_UNUSED_FUNCTION = YES;
				GCC_WARN_UNUSED_VARIABLE = YES;
				LIBRARY_SEARCH_PATHS = (
					"$(inherited)",
					"$(PROJECT_DIR)/TldrAPI/**",
					"$(PROJECT_DIR)/../../release-products/libs/**",
				);
				LOCALIZATION_PREFERS_STRING_CATALOGS = YES;
				MACOSX_DEPLOYMENT_TARGET = 15.4;
				MTL_ENABLE_DEBUG_INFO = INCLUDE_SOURCE;
				MTL_FAST_MATH = YES;
				ONLY_ACTIVE_ARCH = YES;
				OTHER_LDFLAGS = (
					"-lnpu-accelerator",
					"-ltldr",
					"-lcurl",
					"-lsqlite3",
					"-lpq",
					"-lpqxx",
					"-lpoppler-cpp",
					"-lpoppler",
					"-lssl",
					"-lcrypto",
					"-lz",
					"-licuuc",
					"-licudata",
					"-framework",
					Security,
					"-framework",
					CoreFoundation,
					"-lnpu-accelerator",
					"-lllama",
					"-lggml",
					"-lggml-metal",
					"-lggml-base",
					"-lcommon",
					"-lggml-cpu",
					"-lggml-blas",
					"-lllava_static",
					"-framework",
					Accelerate,
					"-framework",
					Metal,
					"-framework",
					Foundation,
					"-lTldrAPI",
				);
				SDKROOT = macosx;
				SWIFT_ACTIVE_COMPILATION_CONDITIONS = "DEBUG $(inherited)";
				SWIFT_OPTIMIZATION_LEVEL = "-Onone";
			};
			name = Debug;
		};
		32D335282DB1EC9B00DCF3BD /* Release */ = {
			isa = XCBuildConfiguration;
			baseConfigurationReferenceAnchor = 32D335092DB1EC9800DCF3BD /* tldr */;
			baseConfigurationReferenceRelativePath = "build-dependencies.xcconfig";
			buildSettings = {
				ALWAYS_SEARCH_USER_PATHS = NO;
				ASSETCATALOG_COMPILER_GENERATE_SWIFT_ASSET_SYMBOL_EXTENSIONS = YES;
				CLANG_ANALYZER_NONNULL = YES;
				CLANG_ANALYZER_NUMBER_OBJECT_CONVERSION = YES_AGGRESSIVE;
				CLANG_CXX_LANGUAGE_STANDARD = "gnu++20";
				CLANG_ENABLE_MODULES = YES;
				CLANG_ENABLE_OBJC_ARC = YES;
				CLANG_ENABLE_OBJC_WEAK = YES;
				CLANG_WARN_BLOCK_CAPTURE_AUTORELEASING = YES;
				CLANG_WARN_BOOL_CONVERSION = YES;
				CLANG_WARN_COMMA = YES;
				CLANG_WARN_CONSTANT_CONVERSION = YES;
				CLANG_WARN_DEPRECATED_OBJC_IMPLEMENTATIONS = YES;
				CLANG_WARN_DIRECT_OBJC_ISA_USAGE = YES_ERROR;
				CLANG_WARN_DOCUMENTATION_COMMENTS = YES;
				CLANG_WARN_EMPTY_BODY = YES;
				CLANG_WARN_ENUM_CONVERSION = YES;
				CLANG_WARN_INFINITE_RECURSION = YES;
				CLANG_WARN_INT_CONVERSION = YES;
				CLANG_WARN_NON_LITERAL_NULL_CONVERSION = YES;
				CLANG_WARN_OBJC_IMPLICIT_RETAIN_SELF = YES;
				CLANG_WARN_OBJC_LITERAL_CONVERSION = YES;
				CLANG_WARN_OBJC_ROOT_CLASS = YES_ERROR;
				CLANG_WARN_QUOTED_INCLUDE_IN_FRAMEWORK_HEADER = YES;
				CLANG_WARN_RANGE_LOOP_ANALYSIS = YES;
				CLANG_WARN_STRICT_PROTOTYPES = YES;
				CLANG_WARN_SUSPICIOUS_MOVE = YES;
				CLANG_WARN_UNGUARDED_AVAILABILITY = YES_AGGRESSIVE;
				CLANG_WARN_UNREACHABLE_CODE = YES;
				CLANG_WARN__DUPLICATE_METHOD_MATCH = YES;
				COPY_PHASE_STRIP = NO;
				DEBUG_INFORMATION_FORMAT = "dwarf-with-dsym";
				ENABLE_NS_ASSERTIONS = NO;
				ENABLE_STRICT_OBJC_MSGSEND = YES;
				ENABLE_USER_SCRIPT_SANDBOXING = YES;
				GCC_C_LANGUAGE_STANDARD = gnu17;
				GCC_NO_COMMON_BLOCKS = YES;
				GCC_WARN_64_TO_32_BIT_CONVERSION = YES;
				GCC_WARN_ABOUT_RETURN_TYPE = YES_ERROR;
				GCC_WARN_UNDECLARED_SELECTOR = YES;
				GCC_WARN_UNINITIALIZED_AUTOS = YES_AGGRESSIVE;
				GCC_WARN_UNUSED_FUNCTION = YES;
				GCC_WARN_UNUSED_VARIABLE = YES;
				LIBRARY_SEARCH_PATHS = (
					"$(inherited)",
					"$(PROJECT_DIR)/TldrAPI/**",
					"$(PROJECT_DIR)/../../release-products/libs/**",
				);
				LOCALIZATION_PREFERS_STRING_CATALOGS = YES;
				MACOSX_DEPLOYMENT_TARGET = 15.4;
				MTL_ENABLE_DEBUG_INFO = NO;
				MTL_FAST_MATH = YES;
				OTHER_LDFLAGS = (
					"-lnpu-accelerator",
					"-ltldr",
					"-lcurl",
					"-lsqlite3",
					"-lpq",
					"-lpqxx",
					"-lpoppler-cpp",
					"-lpoppler",
					"-lssl",
					"-lcrypto",
					"-lz",
					"-licuuc",
					"-licudata",
					"-framework",
					Security,
					"-framework",
					CoreFoundation,
					"-lnpu-accelerator",
					"-lllama",
					"-lggml",
					"-lggml-metal",
					"-lggml-base",
					"-lcommon",
					"-lggml-cpu",
					"-lggml-blas",
					"-lllava_static",
					"-framework",
					Accelerate,
					"-framework",
					Metal,
					"-framework",
					Foundation,
					"-lTldrAPI",
				);
				SDKROOT = macosx;
				SWIFT_COMPILATION_MODE = wholemodule;
			};
			name = Release;
		};
		32D3352A2DB1EC9B00DCF3BD /* Debug */ = {
			isa = XCBuildConfiguration;
			buildSettings = {
				ASSETCATALOG_COMPILER_APPICON_NAME = AppIcon;
				ASSETCATALOG_COMPILER_GLOBAL_ACCENT_COLOR_NAME = AccentColor;
				CLANG_ALLOW_NON_MODULAR_INCLUDES_IN_FRAMEWORK_MODULES = YES;
				CLANG_MODULES_DISABLE_PRIVATE_WARNING = YES;
				CLANG_WARN__EXIT_TIME_DESTRUCTORS = YES;
				CODE_SIGN_ENTITLEMENTS = tldr/tldr.entitlements;
				CODE_SIGN_STYLE = Automatic;
				COMBINE_HIDPI_IMAGES = YES;
				CURRENT_PROJECT_VERSION = 1;
				DEPLOYMENT_LOCATION = NO;
				EMBED_ASSET_PACKS_IN_PRODUCT_BUNDLE = YES;
				ENABLE_PREVIEWS = YES;
				GCC_WARN_HIDDEN_VIRTUAL_FUNCTIONS = YES;
				GCC_WARN_NON_VIRTUAL_DESTRUCTOR = YES;
				GENERATE_INFOPLIST_FILE = YES;
				HEADER_SEARCH_PATHS = (
					"$(PROJECT_DIR)/TldrAPI/**",
					"/Users/manu/proj_tldr/tldr-dekstop/release-products/include/**",
				);
				INFOPLIST_KEY_NSHumanReadableCopyright = "";
				LD_RUNPATH_SEARCH_PATHS = (
					"$(inherited)",
					"@executable_path/../Frameworks",
				);
				LIBRARY_SEARCH_PATHS = (
					"$(inherited)",
					"$(PROJECT_DIR)/TldrAPI/**",
					"$(PROJECT_DIR)/../../release-products/libs/**",
				);
				MARKETING_VERSION = 1.0;
				MODULEMAP_FILE = "$(PROJECT_DIR)/tldr/TldrAPI/TldrAPI.modulemap";
				OTHER_LDFLAGS = (
					"-lnpu-accelerator",
					"-ltldr",
					"-lcurl",
					"-lsqlite3",
					"-lpq",
					"-lpqxx",
					"-lpoppler-cpp",
					"-lpoppler",
					"-lssl",
					"-lcrypto",
					"-lz",
					"-licuuc",
					"-licudata",
					"-framework",
					Security,
					"-framework",
					CoreFoundation,
					"-lnpu-accelerator",
					"-lllama",
					"-lggml",
					"-lggml-metal",
					"-lggml-base",
					"-lcommon",
					"-lggml-cpu",
					"-lggml-blas",
					"-lllava_static",
					"-framework",
					Accelerate,
					"-framework",
					Metal,
					"-framework",
					Foundation,
					"-lTldrAPI",
					"-lomp",
				);
				PRELINK_LIBS = "";
				PRODUCT_BUNDLE_IDENTIFIER = com.manuhg.tldr;
				PRODUCT_NAME = "$(TARGET_NAME)";
				REGISTER_APP_GROUPS = YES;
				SWIFT_EMIT_LOC_STRINGS = YES;
				SWIFT_OBJC_INTEROP_MODE = objcxx;
				SWIFT_VERSION = 5.0;
			};
			name = Debug;
		};
		32D3352B2DB1EC9B00DCF3BD /* Release */ = {
			isa = XCBuildConfiguration;
			buildSettings = {
				ASSETCATALOG_COMPILER_APPICON_NAME = AppIcon;
				ASSETCATALOG_COMPILER_GLOBAL_ACCENT_COLOR_NAME = AccentColor;
				CLANG_ALLOW_NON_MODULAR_INCLUDES_IN_FRAMEWORK_MODULES = YES;
				CLANG_MODULES_DISABLE_PRIVATE_WARNING = YES;
				CLANG_WARN__EXIT_TIME_DESTRUCTORS = YES;
				CODE_SIGN_ENTITLEMENTS = tldr/tldr.entitlements;
				CODE_SIGN_STYLE = Automatic;
				COMBINE_HIDPI_IMAGES = YES;
				CURRENT_PROJECT_VERSION = 1;
				DEPLOYMENT_LOCATION = NO;
				EMBED_ASSET_PACKS_IN_PRODUCT_BUNDLE = YES;
				ENABLE_PREVIEWS = YES;
				GCC_WARN_HIDDEN_VIRTUAL_FUNCTIONS = YES;
				GCC_WARN_NON_VIRTUAL_DESTRUCTOR = YES;
				GENERATE_INFOPLIST_FILE = YES;
				HEADER_SEARCH_PATHS = (
					"$(PROJECT_DIR)/TldrAPI/**",
					"/Users/manu/proj_tldr/tldr-dekstop/release-products/include/**",
				);
				INFOPLIST_KEY_NSHumanReadableCopyright = "";
				LD_RUNPATH_SEARCH_PATHS = (
					"$(inherited)",
					"@executable_path/../Frameworks",
				);
				LIBRARY_SEARCH_PATHS = (
					"$(inherited)",
					"$(PROJECT_DIR)/TldrAPI/**",
					"$(PROJECT_DIR)/../../release-products/libs/**",
				);
				MARKETING_VERSION = 1.0;
				MODULEMAP_FILE = "$(PROJECT_DIR)/tldr/TldrAPI/TldrAPI.modulemap";
				ONLY_ACTIVE_ARCH = YES;
				OTHER_LDFLAGS = (
					"-lnpu-accelerator",
					"-ltldr",
					"-lcurl",
					"-lsqlite3",
					"-lpq",
					"-lpqxx",
					"-lpoppler-cpp",
					"-lpoppler",
					"-lssl",
					"-lcrypto",
					"-lz",
					"-licuuc",
					"-licudata",
					"-framework",
					Security,
					"-framework",
					CoreFoundation,
					"-lnpu-accelerator",
					"-lllama",
					"-lggml",
					"-lggml-metal",
					"-lggml-base",
					"-lcommon",
					"-lggml-cpu",
					"-lggml-blas",
					"-lllava_static",
					"-framework",
					Accelerate,
					"-framework",
					Metal,
					"-framework",
					Foundation,
					"-lTldrAPI",
					"-lomp",
				);
				PRELINK_LIBS = "";
				PRODUCT_BUNDLE_IDENTIFIER = com.manuhg.tldr;
				PRODUCT_NAME = "$(TARGET_NAME)";
				REGISTER_APP_GROUPS = YES;
				SWIFT_EMIT_LOC_STRINGS = YES;
				SWIFT_OBJC_INTEROP_MODE = objcxx;
				SWIFT_VERSION = 5.0;
			};
			name = Release;
		};
		32D3352D2DB1EC9B00DCF3BD /* Debug */ = {
			isa = XCBuildConfiguration;
			buildSettings = {
				BUNDLE_LOADER = "$(TEST_HOST)";
				CODE_SIGN_STYLE = Automatic;
				CURRENT_PROJECT_VERSION = 1;
				GENERATE_INFOPLIST_FILE = YES;
				MACOSX_DEPLOYMENT_TARGET = 15.4;
				MARKETING_VERSION = 1.0;
				PRODUCT_BUNDLE_IDENTIFIER = com.manuhg.tldrTests;
				PRODUCT_NAME = "$(TARGET_NAME)";
				SWIFT_EMIT_LOC_STRINGS = NO;
				SWIFT_VERSION = 5.0;
				TEST_HOST = "$(BUILT_PRODUCTS_DIR)/tldr.app/$(BUNDLE_EXECUTABLE_FOLDER_PATH)/tldr";
			};
			name = Debug;
		};
		32D3352E2DB1EC9B00DCF3BD /* Release */ = {
			isa = XCBuildConfiguration;
			buildSettings = {
				BUNDLE_LOADER = "$(TEST_HOST)";
				CODE_SIGN_STYLE = Automatic;
				CURRENT_PROJECT_VERSION = 1;
				GENERATE_INFOPLIST_FILE = YES;
				MACOSX_DEPLOYMENT_TARGET = 15.4;
				MARKETING_VERSION = 1.0;
				PRODUCT_BUNDLE_IDENTIFIER = com.manuhg.tldrTests;
				PRODUCT_NAME = "$(TARGET_NAME)";
				SWIFT_EMIT_LOC_STRINGS = NO;
				SWIFT_VERSION = 5.0;
				TEST_HOST = "$(BUILT_PRODUCTS_DIR)/tldr.app/$(BUNDLE_EXECUTABLE_FOLDER_PATH)/tldr";
			};
			name = Release;
		};
		32D335302DB1EC9B00DCF3BD /* Debug */ = {
			isa = XCBuildConfiguration;
			buildSettings = {
				CODE_SIGN_STYLE = Automatic;
				CURRENT_PROJECT_VERSION = 1;
				GENERATE_INFOPLIST_FILE = YES;
				MARKETING_VERSION = 1.0;
				PRODUCT_BUNDLE_IDENTIFIER = com.manuhg.tldrUITests;
				PRODUCT_NAME = "$(TARGET_NAME)";
				SWIFT_EMIT_LOC_STRINGS = NO;
				SWIFT_VERSION = 5.0;
				TEST_TARGET_NAME = tldr;
			};
			name = Debug;
		};
		32D335312DB1EC9B00DCF3BD /* Release */ = {
			isa = XCBuildConfiguration;
			buildSettings = {
				CODE_SIGN_STYLE = Automatic;
				CURRENT_PROJECT_VERSION = 1;
				GENERATE_INFOPLIST_FILE = YES;
				MARKETING_VERSION = 1.0;
				PRODUCT_BUNDLE_IDENTIFIER = com.manuhg.tldrUITests;
				PRODUCT_NAME = "$(TARGET_NAME)";
				SWIFT_EMIT_LOC_STRINGS = NO;
				SWIFT_VERSION = 5.0;
				TEST_TARGET_NAME = tldr;
			};
			name = Release;
		};
/* End XCBuildConfiguration section */

/* Begin XCConfigurationList section */
		32C778A82DB9C5A70042389E /* Build configuration list for PBXNativeTarget "TldrAPI" */ = {
			isa = XCConfigurationList;
			buildConfigurations = (
				32C778A92DB9C5A70042389E /* Debug */,
				32C778AA2DB9C5A70042389E /* Release */,
			);
			defaultConfigurationIsVisible = 0;
			defaultConfigurationName = Release;
		};
		32D335022DB1EC9800DCF3BD /* Build configuration list for PBXProject "tldr" */ = {
			isa = XCConfigurationList;
			buildConfigurations = (
				32D335272DB1EC9B00DCF3BD /* Debug */,
				32D335282DB1EC9B00DCF3BD /* Release */,
			);
			defaultConfigurationIsVisible = 0;
			defaultConfigurationName = Release;
		};
		32D335292DB1EC9B00DCF3BD /* Build configuration list for PBXNativeTarget "tldr" */ = {
			isa = XCConfigurationList;
			buildConfigurations = (
				32D3352A2DB1EC9B00DCF3BD /* Debug */,
				32D3352B2DB1EC9B00DCF3BD /* Release */,
			);
			defaultConfigurationIsVisible = 0;
			defaultConfigurationName = Release;
		};
		32D3352C2DB1EC9B00DCF3BD /* Build configuration list for PBXNativeTarget "tldrTests" */ = {
			isa = XCConfigurationList;
			buildConfigurations = (
				32D3352D2DB1EC9B00DCF3BD /* Debug */,
				32D3352E2DB1EC9B00DCF3BD /* Release */,
			);
			defaultConfigurationIsVisible = 0;
			defaultConfigurationName = Release;
		};
		32D3352F2DB1EC9B00DCF3BD /* Build configuration list for PBXNativeTarget "tldrUITests" */ = {
			isa = XCConfigurationList;
			buildConfigurations = (
				32D335302DB1EC9B00DCF3BD /* Debug */,
				32D335312DB1EC9B00DCF3BD /* Release */,
			);
			defaultConfigurationIsVisible = 0;
			defaultConfigurationName = Release;
		};
/* End XCConfigurationList section */
	};
	rootObject = 32D334FF2DB1EC9800DCF3BD /* Project object */;
}
